
Microsoft Visual Studio Solution File, Format Version 12.00
# Visual Studio Version 16
VisualStudioVersion = 16.0.31515.178
MinimumVisualStudioVersion = 10.0.40219.1
Project("{FAE04EC0-301F-11D3-BF4B-00C04F79EFBC}") = "usodebibliografia", "usodebibliografia\usodebibliografia.csproj", "{09D09FA3-EF5D-4DB6-9C2E-29FF3B2FB8CF}"
EndProject
Global
	GlobalSection(SolutionConfigurationPlatforms) = preSolution
		Debug|Any CPU = Debug|Any CPU
		Release|Any CPU = Release|Any CPU
	EndGlobalSection
	GlobalSection(ProjectConfigurationPlatforms) = postSolution
		{09D09FA3-EF5D-4DB6-9C2E-29FF3B2FB8CF}.Debug|Any CPU.ActiveCfg = Debug|Any CPU
		{09D09FA3-EF5D-4DB6-9C2E-29FF3B2FB8CF}.Debug|Any CPU.Build.0 = Debug|Any CPU
		{09D09FA3-EF5D-4DB6-9C2E-29FF3B2FB8CF}.Release|Any CPU.ActiveCfg = Release|Any CPU
		{09D09FA3-EF5D-4DB6-9C2E-29FF3B2FB8CF}.Release|Any CPU.Build.0 = Release|Any CPU
	EndGlobalSection
	GlobalSection(SolutionProperties) = preSolution
		HideSolutionNode = FALSE
	EndGlobalSection
	GlobalSection(ExtensibilityGlobals) = postSolution
		SolutionGuid = {A3D2E4A0-B5CD-47E0-B38C-9C59C2A3AF20}
	EndGlobalSection
EndGlobal
